{
  "name": "norm",
  "version": "1.0.0",
  "lockfileVersion": 1,
  "requires": true,
  "dependencies": {
    "ffmpeg-normalize": {
      "version": "1.8.0",
      "resolved": "https://registry.npmjs.org/ffmpeg-normalize/-/ffmpeg-normalize-1.8.0.tgz",
      "integrity": "sha512-t1Hf4Ix0iH7cPeNf//8k6XrCTUr1XN1dL1trxK5GnD5wyHRTXufQWQcO8bcT8VFiLltDJ0av7s/bauTWlLy1dA==",
      "requires": {
        "ffmpeg-static": "2.5.0",
        "ffprobe-static": "^3.0.0"
      }
    },
    "ffmpeg-static": {
      "version": "2.5.0",
      "resolved": "https://registry.npmjs.org/ffmpeg-static/-/ffmpeg-static-2.5.0.tgz",
      "integrity": "sha512-4HI5aUFq9As3vNOm/0p4Pj47D8AxUqg0qnzaOuXwFMQ6uYhaLXGneUX/8b3C6gbU4ljASI+Ne7WKHpYFnLtK3A=="
    },
    "ffprobe-static": {
      "version": "3.0.0",
      "resolved": "https://registry.npmjs.org/ffprobe-static/-/ffprobe-static-3.0.0.tgz",
      "integrity": "sha512-LZ1Sj4RHS95t/ReZtRbCmMEWDDl7cfIMwmhNgCZcdtOgRlAHaGGOupoc166Q9AV+T7lXnUvu5HYczcsn69c6fw=="
    }
  }
}
